// !$*UTF8*$!
{
	archiveVersion = 1;
	classes = {
	};
	objectVersion = 46;
	objects = {

/* Begin PBXBuildFile section */
		1102DB9F16DEEE96005D7754 /* veronica144x144.png in Resources */ = {isa = PBXBuildFile; fileRef = 1102DB9E16DEEE96005D7754 /* veronica144x144.png */; };
		1102DBA316DEF3BE005D7754 /* DSGameManager.m in Sources */ = {isa = PBXBuildFile; fileRef = 1102DBA216DEF3BE005D7754 /* DSGameManager.m */; };
		1197C8B516E046D80078CFFC /* Rounds.plist in Resources */ = {isa = PBXBuildFile; fileRef = 1197C8B416E046D80078CFFC /* Rounds.plist */; };
		1197C8C416E04F580078CFFC /* QuartzCore.framework in Frameworks */ = {isa = PBXBuildFile; fileRef = 1197C8C316E04F580078CFFC /* QuartzCore.framework */; };
		11A57C3316DEA18300896EFC /* Default-Icon.png in Resources */ = {isa = PBXBuildFile; fileRef = 11A57C3216DEA18300896EFC /* Default-Icon.png */; };
		11A9AD9B16E4492B0058B0FC /* images.png in Resources */ = {isa = PBXBuildFile; fileRef = 11A9AD9916E4492B0058B0FC /* images.png */; };
		11A9AD9C16E4492B0058B0FC /* images (1).png in Resources */ = {isa = PBXBuildFile; fileRef = 11A9AD9A16E4492B0058B0FC /* images (1).png */; };
		11B4B8B116DD4F9800CBAD4E /* UIKit.framework in Frameworks */ = {isa = PBXBuildFile; fileRef = 11B4B8B016DD4F9800CBAD4E /* UIKit.framework */; };
		11B4B8B316DD4F9800CBAD4E /* Foundation.framework in Frameworks */ = {isa = PBXBuildFile; fileRef = 11B4B8B216DD4F9800CBAD4E /* Foundation.framework */; };
		11B4B8B516DD4F9800CBAD4E /* CoreGraphics.framework in Frameworks */ = {isa = PBXBuildFile; fileRef = 11B4B8B416DD4F9800CBAD4E /* CoreGraphics.framework */; };
		11B4B8BB16DD4F9800CBAD4E /* InfoPlist.strings in Resources */ = {isa = PBXBuildFile; fileRef = 11B4B8B916DD4F9800CBAD4E /* InfoPlist.strings */; };
		11B4B8BD16DD4F9800CBAD4E /* main.m in Sources */ = {isa = PBXBuildFile; fileRef = 11B4B8BC16DD4F9800CBAD4E /* main.m */; };
		11B4B8C116DD4F9800CBAD4E /* DSAppDelegate.m in Sources */ = {isa = PBXBuildFile; fileRef = 11B4B8C016DD4F9800CBAD4E /* DSAppDelegate.m */; };
		11B4B8C316DD4F9900CBAD4E /* Default.png in Resources */ = {isa = PBXBuildFile; fileRef = 11B4B8C216DD4F9900CBAD4E /* Default.png */; };
		11B4B8C516DD4F9900CBAD4E /* Default@2x.png in Resources */ = {isa = PBXBuildFile; fileRef = 11B4B8C416DD4F9900CBAD4E /* Default@2x.png */; };
		11B4B8C716DD4F9900CBAD4E /* Default-568h@2x.png in Resources */ = {isa = PBXBuildFile; fileRef = 11B4B8C616DD4F9900CBAD4E /* Default-568h@2x.png */; };
		11B4B8CA16DD4F9900CBAD4E /* DSViewController.m in Sources */ = {isa = PBXBuildFile; fileRef = 11B4B8C916DD4F9900CBAD4E /* DSViewController.m */; };
		11B4B8CD16DD4F9900CBAD4E /* DSViewController_iPhone.xib in Resources */ = {isa = PBXBuildFile; fileRef = 11B4B8CB16DD4F9900CBAD4E /* DSViewController_iPhone.xib */; };
		11B4B8D016DD4F9900CBAD4E /* DSViewController_iPad.xib in Resources */ = {isa = PBXBuildFile; fileRef = 11B4B8CE16DD4F9900CBAD4E /* DSViewController_iPad.xib */; };
		11B4B8D816DD542900CBAD4E /* DSRock.m in Sources */ = {isa = PBXBuildFile; fileRef = 11B4B8D716DD542900CBAD4E /* DSRock.m */; };
		11B4B8F116DD5A5300CBAD4E /* DSGameView.m in Sources */ = {isa = PBXBuildFile; fileRef = 11B4B8F016DD5A5300CBAD4E /* DSGameView.m */; };
		11B4B90216DD989300CBAD4E /* bg_calendar_cell_active.png in Resources */ = {isa = PBXBuildFile; fileRef = 11B4B90016DD989300CBAD4E /* bg_calendar_cell_active.png */; };
		11B4B90316DD989300CBAD4E /* bg_calendar_cell_active@2x.png in Resources */ = {isa = PBXBuildFile; fileRef = 11B4B90116DD989300CBAD4E /* bg_calendar_cell_active@2x.png */; };
		11B4B90616DD98DB00CBAD4E /* bg_calendar_cell.png in Resources */ = {isa = PBXBuildFile; fileRef = 11B4B90416DD98DB00CBAD4E /* bg_calendar_cell.png */; };
		11B4B90716DD98DB00CBAD4E /* bg_calendar_cell@2x.png in Resources */ = {isa = PBXBuildFile; fileRef = 11B4B90516DD98DB00CBAD4E /* bg_calendar_cell@2x.png */; };
/* End PBXBuildFile section */

/* Begin PBXFileReference section */
		1102DB9E16DEEE96005D7754 /* veronica144x144.png */ = {isa = PBXFileReference; lastKnownFileType = image.png; path = veronica144x144.png; sourceTree = "<group>"; };
		1102DBA116DEF3BE005D7754 /* DSGameManager.h */ = {isa = PBXFileReference; fileEncoding = 4; lastKnownFileType = sourcecode.c.h; path = DSGameManager.h; sourceTree = "<group>"; };
		1102DBA216DEF3BE005D7754 /* DSGameManager.m */ = {isa = PBXFileReference; fileEncoding = 4; lastKnownFileType = sourcecode.c.objc; path = DSGameManager.m; sourceTree = "<group>"; };
		1197C8B416E046D80078CFFC /* Rounds.plist */ = {isa = PBXFileReference; fileEncoding = 4; lastKnownFileType = text.plist.xml; path = Rounds.plist; sourceTree = "<group>"; };
		1197C8C316E04F580078CFFC /* QuartzCore.framework */ = {isa = PBXFileReference; lastKnownFileType = wrapper.framework; name = QuartzCore.framework; path = System/Library/Frameworks/QuartzCore.framework; sourceTree = SDKROOT; };
		11A57C3216DEA18300896EFC /* Default-Icon.png */ = {isa = PBXFileReference; lastKnownFileType = image.png; path = "Default-Icon.png"; sourceTree = "<group>"; };
		11A9AD9916E4492B0058B0FC /* images.png */ = {isa = PBXFileReference; lastKnownFileType = image.png; path = images.png; sourceTree = "<group>"; };
		11A9AD9A16E4492B0058B0FC /* images (1).png */ = {isa = PBXFileReference; lastKnownFileType = image.png; path = "images (1).png"; sourceTree = "<group>"; };
		11B4B8AC16DD4F9800CBAD4E /* FirstGame.app */ = {isa = PBXFileReference; explicitFileType = wrapper.application; includeInIndex = 0; path = FirstGame.app; sourceTree = BUILT_PRODUCTS_DIR; };
		11B4B8B016DD4F9800CBAD4E /* UIKit.framework */ = {isa = PBXFileReference; lastKnownFileType = wrapper.framework; name = UIKit.framework; path = System/Library/Frameworks/UIKit.framework; sourceTree = SDKROOT; };
		11B4B8B216DD4F9800CBAD4E /* Foundation.framework */ = {isa = PBXFileReference; lastKnownFileType = wrapper.framework; name = Foundation.framework; path = System/Library/Frameworks/Foundation.framework; sourceTree = SDKROOT; };
		11B4B8B416DD4F9800CBAD4E /* CoreGraphics.framework */ = {isa = PBXFileReference; lastKnownFileType = wrapper.framework; name = CoreGraphics.framework; path = System/Library/Frameworks/CoreGraphics.framework; sourceTree = SDKROOT; };
		11B4B8B816DD4F9800CBAD4E /* FirstGame-Info.plist */ = {isa = PBXFileReference; lastKnownFileType = text.plist.xml; path = "FirstGame-Info.plist"; sourceTree = "<group>"; };
		11B4B8BA16DD4F9800CBAD4E /* en */ = {isa = PBXFileReference; lastKnownFileType = text.plist.strings; name = en; path = en.lproj/InfoPlist.strings; sourceTree = "<group>"; };
		11B4B8BC16DD4F9800CBAD4E /* main.m */ = {isa = PBXFileReference; lastKnownFileType = sourcecode.c.objc; path = main.m; sourceTree = "<group>"; };
		11B4B8BE16DD4F9800CBAD4E /* FirstGame-Prefix.pch */ = {isa = PBXFileReference; lastKnownFileType = sourcecode.c.h; path = "FirstGame-Prefix.pch"; sourceTree = "<group>"; };
		11B4B8BF16DD4F9800CBAD4E /* DSAppDelegate.h */ = {isa = PBXFileReference; lastKnownFileType = sourcecode.c.h; path = DSAppDelegate.h; sourceTree = "<group>"; };
		11B4B8C016DD4F9800CBAD4E /* DSAppDelegate.m */ = {isa = PBXFileReference; lastKnownFileType = sourcecode.c.objc; path = DSAppDelegate.m; sourceTree = "<group>"; };
		11B4B8C216DD4F9900CBAD4E /* Default.png */ = {isa = PBXFileReference; lastKnownFileType = image.png; path = Default.png; sourceTree = "<group>"; };
		11B4B8C416DD4F9900CBAD4E /* Default@2x.png */ = {isa = PBXFileReference; lastKnownFileType = image.png; path = "Default@2x.png"; sourceTree = "<group>"; };
		11B4B8C616DD4F9900CBAD4E /* Default-568h@2x.png */ = {isa = PBXFileReference; lastKnownFileType = image.png; path = "Default-568h@2x.png"; sourceTree = "<group>"; };
		11B4B8C816DD4F9900CBAD4E /* DSViewController.h */ = {isa = PBXFileReference; lastKnownFileType = sourcecode.c.h; path = DSViewController.h; sourceTree = "<group>"; };
		11B4B8C916DD4F9900CBAD4E /* DSViewController.m */ = {isa = PBXFileReference; lastKnownFileType = sourcecode.c.objc; path = DSViewController.m; sourceTree = "<group>"; };
		11B4B8CC16DD4F9900CBAD4E /* en */ = {isa = PBXFileReference; lastKnownFileType = file.xib; name = en; path = en.lproj/DSViewController_iPhone.xib; sourceTree = "<group>"; };
		11B4B8CF16DD4F9900CBAD4E /* en */ = {isa = PBXFileReference; lastKnownFileType = file.xib; name = en; path = en.lproj/DSViewController_iPad.xib; sourceTree = "<group>"; };
		11B4B8D616DD542900CBAD4E /* DSRock.h */ = {isa = PBXFileReference; fileEncoding = 4; lastKnownFileType = sourcecode.c.h; path = DSRock.h; sourceTree = "<group>"; };
		11B4B8D716DD542900CBAD4E /* DSRock.m */ = {isa = PBXFileReference; fileEncoding = 4; lastKnownFileType = sourcecode.c.objc; path = DSRock.m; sourceTree = "<group>"; };
		11B4B8EF16DD5A5300CBAD4E /* DSGameView.h */ = {isa = PBXFileReference; fileEncoding = 4; lastKnownFileType = sourcecode.c.h; path = DSGameView.h; sourceTree = "<group>"; };
		11B4B8F016DD5A5300CBAD4E /* DSGameView.m */ = {isa = PBXFileReference; fileEncoding = 4; lastKnownFileType = sourcecode.c.objc; path = DSGameView.m; sourceTree = "<group>"; };
		11B4B90016DD989300CBAD4E /* bg_calendar_cell_active.png */ = {isa = PBXFileReference; lastKnownFileType = image.png; path = bg_calendar_cell_active.png; sourceTree = "<group>"; };
		11B4B90116DD989300CBAD4E /* bg_calendar_cell_active@2x.png */ = {isa = PBXFileReference; lastKnownFileType = image.png; path = "bg_calendar_cell_active@2x.png"; sourceTree = "<group>"; };
		11B4B90416DD98DB00CBAD4E /* bg_calendar_cell.png */ = {isa = PBXFileReference; lastKnownFileType = image.png; path = bg_calendar_cell.png; sourceTree = "<group>"; };
		11B4B90516DD98DB00CBAD4E /* bg_calendar_cell@2x.png */ = {isa = PBXFileReference; lastKnownFileType = image.png; path = "bg_calendar_cell@2x.png"; sourceTree = "<group>"; };
/* End PBXFileReference section */

/* Begin PBXFrameworksBuildPhase section */
		11B4B8A916DD4F9800CBAD4E /* Frameworks */ = {
			isa = PBXFrameworksBuildPhase;
			buildActionMask = 2147483647;
			files = (
				1197C8C416E04F580078CFFC /* QuartzCore.framework in Frameworks */,
				11B4B8B116DD4F9800CBAD4E /* UIKit.framework in Frameworks */,
				11B4B8B316DD4F9800CBAD4E /* Foundation.framework in Frameworks */,
				11B4B8B516DD4F9800CBAD4E /* CoreGraphics.framework in Frameworks */,
			);
			runOnlyForDeploymentPostprocessing = 0;
		};
/* End PBXFrameworksBuildPhase section */

/* Begin PBXGroup section */
		11B4B8A116DD4F9800CBAD4E = {
			isa = PBXGroup;
			children = (
				1197C8C316E04F580078CFFC /* QuartzCore.framework */,
				11B4B8B616DD4F9800CBAD4E /* FirstGame */,
				11B4B8AF16DD4F9800CBAD4E /* Frameworks */,
				11B4B8AD16DD4F9800CBAD4E /* Products */,
			);
			sourceTree = "<group>";
		};
		11B4B8AD16DD4F9800CBAD4E /* Products */ = {
			isa = PBXGroup;
			children = (
				11B4B8AC16DD4F9800CBAD4E /* FirstGame.app */,
			);
			name = Products;
			sourceTree = "<group>";
		};
		11B4B8AF16DD4F9800CBAD4E /* Frameworks */ = {
			isa = PBXGroup;
			children = (
				11B4B8B016DD4F9800CBAD4E /* UIKit.framework */,
				11B4B8B216DD4F9800CBAD4E /* Foundation.framework */,
				11B4B8B416DD4F9800CBAD4E /* CoreGraphics.framework */,
			);
			name = Frameworks;
			sourceTree = "<group>";
		};
		11B4B8B616DD4F9800CBAD4E /* FirstGame */ = {
			isa = PBXGroup;
			children = (
				11B4B90816DD997E00CBAD4E /* GameView */,
				11B4B8BF16DD4F9800CBAD4E /* DSAppDelegate.h */,
				11B4B8C016DD4F9800CBAD4E /* DSAppDelegate.m */,
				11B4B8C816DD4F9900CBAD4E /* DSViewController.h */,
				11B4B8C916DD4F9900CBAD4E /* DSViewController.m */,
				11B4B8CB16DD4F9900CBAD4E /* DSViewController_iPhone.xib */,
				11B4B8CE16DD4F9900CBAD4E /* DSViewController_iPad.xib */,
				11B4B8B716DD4F9800CBAD4E /* Supporting Files */,
			);
			path = FirstGame;
			sourceTree = "<group>";
		};
		11B4B8B716DD4F9800CBAD4E /* Supporting Files */ = {
			isa = PBXGroup;
			children = (
				11A9AD9916E4492B0058B0FC /* images.png */,
				11A9AD9A16E4492B0058B0FC /* images (1).png */,
				1102DB9E16DEEE96005D7754 /* veronica144x144.png */,
				11A57C3216DEA18300896EFC /* Default-Icon.png */,
				11B4B8B816DD4F9800CBAD4E /* FirstGame-Info.plist */,
				11B4B8B916DD4F9800CBAD4E /* InfoPlist.strings */,
				11B4B8BC16DD4F9800CBAD4E /* main.m */,
				11B4B8BE16DD4F9800CBAD4E /* FirstGame-Prefix.pch */,
				11B4B8C216DD4F9900CBAD4E /* Default.png */,
				11B4B8C416DD4F9900CBAD4E /* Default@2x.png */,
				11B4B8C616DD4F9900CBAD4E /* Default-568h@2x.png */,
				11B4B90016DD989300CBAD4E /* bg_calendar_cell_active.png */,
				11B4B90116DD989300CBAD4E /* bg_calendar_cell_active@2x.png */,
				11B4B90416DD98DB00CBAD4E /* bg_calendar_cell.png */,
				11B4B90516DD98DB00CBAD4E /* bg_calendar_cell@2x.png */,
			);
			name = "Supporting Files";
			sourceTree = "<group>";
		};
		11B4B90816DD997E00CBAD4E /* GameView */ = {
			isa = PBXGroup;
			children = (
				11B4B8D616DD542900CBAD4E /* DSRock.h */,
				11B4B8D716DD542900CBAD4E /* DSRock.m */,
				11B4B8EF16DD5A5300CBAD4E /* DSGameView.h */,
				11B4B8F016DD5A5300CBAD4E /* DSGameView.m */,
				1102DBA116DEF3BE005D7754 /* DSGameManager.h */,
				1102DBA216DEF3BE005D7754 /* DSGameManager.m */,
				1197C8B416E046D80078CFFC /* Rounds.plist */,
			);
			name = GameView;
			sourceTree = "<group>";
		};
/* End PBXGroup section */

/* Begin PBXNativeTarget section */
		11B4B8AB16DD4F9800CBAD4E /* FirstGame */ = {
			isa = PBXNativeTarget;
			buildConfigurationList = 11B4B8D316DD4F9900CBAD4E /* Build configuration list for PBXNativeTarget "FirstGame" */;
			buildPhases = (
				11B4B8A816DD4F9800CBAD4E /* Sources */,
				11B4B8A916DD4F9800CBAD4E /* Frameworks */,
				11B4B8AA16DD4F9800CBAD4E /* Resources */,
			);
			buildRules = (
			);
			dependencies = (
			);
			name = FirstGame;
			productName = FirstGame;
			productReference = 11B4B8AC16DD4F9800CBAD4E /* FirstGame.app */;
			productType = "com.apple.product-type.application";
		};
/* End PBXNativeTarget section */

/* Begin PBXProject section */
		11B4B8A316DD4F9800CBAD4E /* Project object */ = {
			isa = PBXProject;
			attributes = {
				CLASSPREFIX = DS;
				LastUpgradeCheck = 0450;
				ORGANIZATIONNAME = "Dima Sai";
			};
			buildConfigurationList = 11B4B8A616DD4F9800CBAD4E /* Build configuration list for PBXProject "FirstGame" */;
			compatibilityVersion = "Xcode 3.2";
			developmentRegion = English;
			hasScannedForEncodings = 0;
			knownRegions = (
				en,
			);
			mainGroup = 11B4B8A116DD4F9800CBAD4E;
			productRefGroup = 11B4B8AD16DD4F9800CBAD4E /* Products */;
			projectDirPath = "";
			projectRoot = "";
			targets = (
				11B4B8AB16DD4F9800CBAD4E /* FirstGame */,
			);
		};
/* End PBXProject section */

/* Begin PBXResourcesBuildPhase section */
		11B4B8AA16DD4F9800CBAD4E /* Resources */ = {
			isa = PBXResourcesBuildPhase;
			buildActionMask = 2147483647;
			files = (
				11B4B8BB16DD4F9800CBAD4E /* InfoPlist.strings in Resources */,
				11B4B8C316DD4F9900CBAD4E /* Default.png in Resources */,
				11B4B8C516DD4F9900CBAD4E /* Default@2x.png in Resources */,
				11B4B8C716DD4F9900CBAD4E /* Default-568h@2x.png in Resources */,
				11B4B8CD16DD4F9900CBAD4E /* DSViewController_iPhone.xib in Resources */,
				11B4B8D016DD4F9900CBAD4E /* DSViewController_iPad.xib in Resources */,
				11B4B90216DD989300CBAD4E /* bg_calendar_cell_active.png in Resources */,
				11B4B90316DD989300CBAD4E /* bg_calendar_cell_active@2x.png in Resources */,
				11B4B90616DD98DB00CBAD4E /* bg_calendar_cell.png in Resources */,
				11B4B90716DD98DB00CBAD4E /* bg_calendar_cell@2x.png in Resources */,
				11A57C3316DEA18300896EFC /* Default-Icon.png in Resources */,
				1102DB9F16DEEE96005D7754 /* veronica144x144.png in Resources */,
				1197C8B516E046D80078CFFC /* Rounds.plist in Resources */,
				11A9AD9B16E4492B0058B0FC /* images.png in Resources */,
				11A9AD9C16E4492B0058B0FC /* images (1).png in Resources */,
			);
			runOnlyForDeploymentPostprocessing = 0;
		};
/* End PBXResourcesBuildPhase section */

/* Begin PBXSourcesBuildPhase section */
		11B4B8A816DD4F9800CBAD4E /* Sources */ = {
			isa = PBXSourcesBuildPhase;
			buildActionMask = 2147483647;
			files = (
				11B4B8BD16DD4F9800CBAD4E /* main.m in Sources */,
				11B4B8C116DD4F9800CBAD4E /* DSAppDelegate.m in Sources */,
				11B4B8CA16DD4F9900CBAD4E /* DSViewController.m in Sources */,
				11B4B8D816DD542900CBAD4E /* DSRock.m in Sources */,
				11B4B8F116DD5A5300CBAD4E /* DSGameView.m in Sources */,
				1102DBA316DEF3BE005D7754 /* DSGameManager.m in Sources */,
			);
			runOnlyForDeploymentPostprocessing = 0;
		};
/* End PBXSourcesBuildPhase section */

/* Begin PBXVariantGroup section */
		11B4B8B916DD4F9800CBAD4E /* InfoPlist.strings */ = {
			isa = PBXVariantGroup;
			children = (
				11B4B8BA16DD4F9800CBAD4E /* en */,
			);
			name = InfoPlist.strings;
			sourceTree = "<group>";
		};
		11B4B8CB16DD4F9900CBAD4E /* DSViewController_iPhone.xib */ = {
			isa = PBXVariantGroup;
			children = (
				11B4B8CC16DD4F9900CBAD4E /* en */,
			);
			name = DSViewController_iPhone.xib;
			sourceTree = "<group>";
		};
		11B4B8CE16DD4F9900CBAD4E /* DSViewController_iPad.xib */ = {
			isa = PBXVariantGroup;
			children = (
				11B4B8CF16DD4F9900CBAD4E /* en */,
			);
			name = DSViewController_iPad.xib;
			sourceTree = "<group>";
		};
/* End PBXVariantGroup section */

/* Begin XCBuildConfiguration section */
		11B4B8D116DD4F9900CBAD4E /* Debug */ = {
			isa = XCBuildConfiguration;
			buildSettings = {
				ALWAYS_SEARCH_USER_PATHS = NO;
				CLANG_CXX_LANGUAGE_STANDARD = "gnu++0x";
				CLANG_CXX_LIBRARY = "libc++";
				CLANG_ENABLE_OBJC_ARC = YES;
				CLANG_WARN_EMPTY_BODY = YES;
				CLANG_WARN__DUPLICATE_METHOD_MATCH = YES;
				"CODE_SIGN_IDENTITY[sdk=iphoneos*]" = "iPhone Developer";
				COPY_PHASE_STRIP = NO;
				GCC_C_LANGUAGE_STANDARD = gnu99;
				GCC_DYNAMIC_NO_PIC = NO;
				GCC_OPTIMIZATION_LEVEL = 0;
				GCC_PREPROCESSOR_DEFINITIONS = (
					"DEBUG=1",
					"$(inherited)",
				);
				GCC_SYMBOLS_PRIVATE_EXTERN = NO;
				GCC_WARN_ABOUT_RETURN_TYPE = YES;
				GCC_WARN_UNINITIALIZED_AUTOS = YES;
				GCC_WARN_UNUSED_VARIABLE = YES;
				IPHONEOS_DEPLOYMENT_TARGET = 6.0;
				SDKROOT = iphoneos;
				TARGETED_DEVICE_FAMILY = "1,2";
			};
			name = Debug;
		};
		11B4B8D216DD4F9900CBAD4E /* Release */ = {
			isa = XCBuildConfiguration;
			buildSettings = {
				ALWAYS_SEARCH_USER_PATHS = NO;
				CLANG_CXX_LANGUAGE_STANDARD = "gnu++0x";
				CLANG_CXX_LIBRARY = "libc++";
				CLANG_ENABLE_OBJC_ARC = YES;
				CLANG_WARN_EMPTY_BODY = YES;
				CLANG_WARN__DUPLICATE_METHOD_MATCH = YES;
				"CODE_SIGN_IDENTITY[sdk=iphoneos*]" = "iPhone Developer";
				COPY_PHASE_STRIP = YES;
				GCC_C_LANGUAGE_STANDARD = gnu99;
				GCC_WARN_ABOUT_RETURN_TYPE = YES;
				GCC_WARN_UNINITIALIZED_AUTOS = YES;
				GCC_WARN_UNUSED_VARIABLE = YES;
				IPHONEOS_DEPLOYMENT_TARGET = 6.0;
				OTHER_CFLAGS = "-DNS_BLOCK_ASSERTIONS=1";
				SDKROOT = iphoneos;
				TARGETED_DEVICE_FAMILY = "1,2";
				VALIDATE_PRODUCT = YES;
			};
			name = Release;
		};
		11B4B8D416DD4F9900CBAD4E /* Debug */ = {
			isa = XCBuildConfiguration;
			buildSettings = {
				GCC_PRECOMPILE_PREFIX_HEADER = YES;
				GCC_PREFIX_HEADER = "FirstGame/FirstGame-Prefix.pch";
				INFOPLIST_FILE = "FirstGame/FirstGame-Info.plist";
				IPHONEOS_DEPLOYMENT_TARGET = 5.1;
				PRODUCT_NAME = "$(TARGET_NAME)";
				WRAPPER_EXTENSION = app;
			};
			name = Debug;
		};
		11B4B8D516DD4F9900CBAD4E /* Release */ = {
			isa = XCBuildConfiguration;
			buildSettings = {
				GCC_PRECOMPILE_PREFIX_HEADER = YES;
				GCC_PREFIX_HEADER = "FirstGame/FirstGame-Prefix.pch";
				INFOPLIST_FILE = "FirstGame/FirstGame-Info.plist";
				IPHONEOS_DEPLOYMENT_TARGET = 5.1;
				PRODUCT_NAME = "$(TARGET_NAME)";
				WRAPPER_EXTENSION = app;
			};
			name = Release;
		};
/* End XCBuildConfiguration section */

/* Begin XCConfigurationList section */
		11B4B8A616DD4F9800CBAD4E /* Build configuration list for PBXProject "FirstGame" */ = {
			isa = XCConfigurationList;
			buildConfigurations = (
				11B4B8D116DD4F9900CBAD4E /* Debug */,
				11B4B8D216DD4F9900CBAD4E /* Release */,
			);
			defaultConfigurationIsVisible = 0;
			defaultConfigurationName = Release;
		};
		11B4B8D316DD4F9900CBAD4E /* Build configuration list for PBXNativeTarget "FirstGame" */ = {
			isa = XCConfigurationList;
			buildConfigurations = (
				11B4B8D416DD4F9900CBAD4E /* Debug */,
				11B4B8D516DD4F9900CBAD4E /* Release */,
			);
			defaultConfigurationIsVisible = 0;
			defaultConfigurationName = Release;
		};
/* End XCConfigurationList section */
	};
	rootObject = 11B4B8A316DD4F9800CBAD4E /* Project object */;
}
